
Microsoft Visual Studio Solution File, Format Version 12.00
# Visual Studio 15
VisualStudioVersion = 15.0.28010.2050
MinimumVisualStudioVersion = 10.0.40219.1
Project("{2150E333-8FDC-42A3-9474-1A3956D46DE8}") = "tests", "tests", "{B8A07605-952D-49C1-BA77-203C0A422492}"
EndProject
Project("{FAE04EC0-301F-11D3-BF4B-00C04F79EFBC}") = "Money.Unit.Tests", "Money.Unit.Tests\Money.Unit.Tests.csproj", "{3AE8D3DC-DAFE-48E2-A595-C127C7FEE4B5}"
EndProject
Project("{2150E333-8FDC-42A3-9474-1A3956D46DE8}") = "src", "src", "{0DE7BEA7-2F8D-46F6-941C-991B3C6DD787}"
EndProject
Project("{FAE04EC0-301F-11D3-BF4B-00C04F79EFBC}") = "TDDByExample.Classes", "Classes\TDDByExample.Classes.csproj", "{90957A3A-2DE5-4E6F-A27A-3565E5679BC3}"
EndProject
Global
	GlobalSection(SolutionConfigurationPlatforms) = preSolution
		Debug|Any CPU = Debug|Any CPU
		Release|Any CPU = Release|Any CPU
	EndGlobalSection
	GlobalSection(ProjectConfigurationPlatforms) = postSolution
		{3AE8D3DC-DAFE-48E2-A595-C127C7FEE4B5}.Debug|Any CPU.ActiveCfg = Debug|Any CPU
		{3AE8D3DC-DAFE-48E2-A595-C127C7FEE4B5}.Debug|Any CPU.Build.0 = Debug|Any CPU
		{3AE8D3DC-DAFE-48E2-A595-C127C7FEE4B5}.Release|Any CPU.ActiveCfg = Release|Any CPU
		{3AE8D3DC-DAFE-48E2-A595-C127C7FEE4B5}.Release|Any CPU.Build.0 = Release|Any CPU
		{90957A3A-2DE5-4E6F-A27A-3565E5679BC3}.Debug|Any CPU.ActiveCfg = Debug|Any CPU
		{90957A3A-2DE5-4E6F-A27A-3565E5679BC3}.Debug|Any CPU.Build.0 = Debug|Any CPU
		{90957A3A-2DE5-4E6F-A27A-3565E5679BC3}.Release|Any CPU.ActiveCfg = Release|Any CPU
		{90957A3A-2DE5-4E6F-A27A-3565E5679BC3}.Release|Any CPU.Build.0 = Release|Any CPU
	EndGlobalSection
	GlobalSection(SolutionProperties) = preSolution
		HideSolutionNode = FALSE
	EndGlobalSection
	GlobalSection(NestedProjects) = preSolution
		{3AE8D3DC-DAFE-48E2-A595-C127C7FEE4B5} = {B8A07605-952D-49C1-BA77-203C0A422492}
		{90957A3A-2DE5-4E6F-A27A-3565E5679BC3} = {0DE7BEA7-2F8D-46F6-941C-991B3C6DD787}
	EndGlobalSection
	GlobalSection(ExtensibilityGlobals) = postSolution
		SolutionGuid = {80ADDA46-16C9-47D6-9479-5E2D58A4238D}
	EndGlobalSection
EndGlobal
